
Microsoft Visual Studio Solution File, Format Version 12.00
# Visual Studio Version 17
VisualStudioVersion = 17.12.35527.113
MinimumVisualStudioVersion = 10.0.40219.1
Project("{FAE04EC0-301F-11D3-BF4B-00C04F79EFBC}") = "Arkanoid", "Arkanoid\Arkanoid.csproj", "{97F72ADC-F826-4241-A394-E545E7166849}"
EndProject
Project("{2150E333-8FDC-42A3-9474-1A3956D46DE8}") = "Элементы решения", "Элементы решения", "{DD625CB1-6328-4D6F-8603-F665A8CE8EEC}"
	ProjectSection(SolutionItems) = preProject
		README.txt = README.txt
		Изменения в version2.txt = Изменения в version2.txt
	EndProjectSection
EndProject
Global
	GlobalSection(SolutionConfigurationPlatforms) = preSolution
		Debug|Any CPU = Debug|Any CPU
		Release|Any CPU = Release|Any CPU
	EndGlobalSection
	GlobalSection(ProjectConfigurationPlatforms) = postSolution
		{97F72ADC-F826-4241-A394-E545E7166849}.Debug|Any CPU.ActiveCfg = Debug|Any CPU
		{97F72ADC-F826-4241-A394-E545E7166849}.Debug|Any CPU.Build.0 = Debug|Any CPU
		{97F72ADC-F826-4241-A394-E545E7166849}.Release|Any CPU.ActiveCfg = Release|Any CPU
		{97F72ADC-F826-4241-A394-E545E7166849}.Release|Any CPU.Build.0 = Release|Any CPU
	EndGlobalSection
	GlobalSection(SolutionProperties) = preSolution
		HideSolutionNode = FALSE
	EndGlobalSection
EndGlobal
